
Microsoft Visual Studio Solution File, Format Version 12.00
# Visual Studio Version 17
VisualStudioVersion = 17.14.36518.9 d17.14
MinimumVisualStudioVersion = 10.0.40219.1
Project("{F184B08F-C81C-45F6-A57F-5ABD9991F28F}") = "Lab5-Scanner", "Lab5-Scanner\Lab5-Scanner.vbproj", "{B2B19B88-B874-488E-A129-9EBC3299F334}"
EndProject
Global
	GlobalSection(SolutionConfigurationPlatforms) = preSolution
		Debug|Any CPU = Debug|Any CPU
		Release|Any CPU = Release|Any CPU
	EndGlobalSection
	GlobalSection(ProjectConfigurationPlatforms) = postSolution
		{B2B19B88-B874-488E-A129-9EBC3299F334}.Debug|Any CPU.ActiveCfg = Debug|Any CPU
		{B2B19B88-B874-488E-A129-9EBC3299F334}.Debug|Any CPU.Build.0 = Debug|Any CPU
		{B2B19B88-B874-488E-A129-9EBC3299F334}.Release|Any CPU.ActiveCfg = Release|Any CPU
		{B2B19B88-B874-488E-A129-9EBC3299F334}.Release|Any CPU.Build.0 = Release|Any CPU
	EndGlobalSection
	GlobalSection(SolutionProperties) = preSolution
		HideSolutionNode = FALSE
	EndGlobalSection
	GlobalSection(ExtensibilityGlobals) = postSolution
		SolutionGuid = {2BC79FF0-6626-4802-9A89-4E1AA93DDBFC}
	EndGlobalSection
EndGlobal
